// !$*UTF8*$!
{
	archiveVersion = 1;
	classes = {
	};
	objectVersion = 56;
	objects = {

/* Begin PBXBuildFile section */
		0AA2CAC82CE3A1B10048F486 /* SceneKit Asset Catalog.scnassets in Resources */ = {isa = PBXBuildFile; fileRef = 0AA2CAC72CE3A1B10048F486 /* SceneKit Asset Catalog.scnassets */; };
		0AA2CACA2CED019A0048F486 /* SwingARCaptureDelegate.swift in Sources */ = {isa = PBXBuildFile; fileRef = 0AA2CAC92CED019A0048F486 /* SwingARCaptureDelegate.swift */; };
		0AB5E0482CAC68C00035E5E5 /* ProgressionComponentView.swift in Sources */ = {isa = PBXBuildFile; fileRef = 0AB5E0472CAC68C00035E5E5 /* ProgressionComponentView.swift */; };
		0AB5E04A2CAC69800035E5E5 /* ProgressView.swift in Sources */ = {isa = PBXBuildFile; fileRef = 0AB5E0492CAC69800035E5E5 /* ProgressView.swift */; };
		0AB5E04C2CAC69EE0035E5E5 /* ProgressDetailsView.swift in Sources */ = {isa = PBXBuildFile; fileRef = 0AB5E04B2CAC69EE0035E5E5 /* ProgressDetailsView.swift */; };
		0AB7CA592CBEC953007D10AA /* SessionView.swift in Sources */ = {isa = PBXBuildFile; fileRef = 0AB7CA582CBEC953007D10AA /* SessionView.swift */; };
		0AB7CA5B2CBECEE0007D10AA /* SessionViewModel.swift in Sources */ = {isa = PBXBuildFile; fileRef = 0AB7CA5A2CBECEE0007D10AA /* SessionViewModel.swift */; };
		0AB7CA5F2CBFE550007D10AA /* SwingVideoCaptureDelegate.swift in Sources */ = {isa = PBXBuildFile; fileRef = 0AB7CA5E2CBFE550007D10AA /* SwingVideoCaptureDelegate.swift */; };
		6329FA8B2CDBBB7C00B9C0E8 /* FirebaseAnalytics in Frameworks */ = {isa = PBXBuildFile; productRef = 6329FA8A2CDBBB7C00B9C0E8 /* FirebaseAnalytics */; };
		6329FA8D2CDBBB7C00B9C0E8 /* FirebaseAuth in Frameworks */ = {isa = PBXBuildFile; productRef = 6329FA8C2CDBBB7C00B9C0E8 /* FirebaseAuth */; };
		6329FA8F2CDBBB7C00B9C0E8 /* FirebaseDatabase in Frameworks */ = {isa = PBXBuildFile; productRef = 6329FA8E2CDBBB7C00B9C0E8 /* FirebaseDatabase */; };
		6329FA912CDBBB7C00B9C0E8 /* FirebaseFirestore in Frameworks */ = {isa = PBXBuildFile; productRef = 6329FA902CDBBB7C00B9C0E8 /* FirebaseFirestore */; };
		6329FA932CDBBB7C00B9C0E8 /* FirebaseFirestoreCombine-Community in Frameworks */ = {isa = PBXBuildFile; productRef = 6329FA922CDBBB7C00B9C0E8 /* FirebaseFirestoreCombine-Community */; };
		6329FA952CDBBB7C00B9C0E8 /* FirebaseStorage in Frameworks */ = {isa = PBXBuildFile; productRef = 6329FA942CDBBB7C00B9C0E8 /* FirebaseStorage */; };
		6329FA972CDBBB7C00B9C0E8 /* FirebaseStorageCombine-Community in Frameworks */ = {isa = PBXBuildFile; productRef = 6329FA962CDBBB7C00B9C0E8 /* FirebaseStorageCombine-Community */; };
		6366384A2CE3FCE300CD48F7 /* UserAttributesViewModel.swift in Sources */ = {isa = PBXBuildFile; fileRef = 636638492CE3FCD800CD48F7 /* UserAttributesViewModel.swift */; };
		6366384C2CE3FDE300CD48F7 /* CoreData.framework in Frameworks */ = {isa = PBXBuildFile; fileRef = 6366384B2CE3FDE300CD48F7 /* CoreData.framework */; };
		6366384F2CE3FE2E00CD48F7 /* Model.xcdatamodeld in Sources */ = {isa = PBXBuildFile; fileRef = 6366384D2CE3FE2E00CD48F7 /* Model.xcdatamodeld */; };
		636638502CE3FE2E00CD48F7 /* Model.xcdatamodeld in Sources */ = {isa = PBXBuildFile; fileRef = 6366384D2CE3FE2E00CD48F7 /* Model.xcdatamodeld */; };
		636638522CE3FE7600CD48F7 /* PersistenceController.swift in Sources */ = {isa = PBXBuildFile; fileRef = 636638512CE3FE7600CD48F7 /* PersistenceController.swift */; };
		636638542CE40A6400CD48F7 /* PickerUserInputComponentView.swift in Sources */ = {isa = PBXBuildFile; fileRef = 636638532CE40A6400CD48F7 /* PickerUserInputComponentView.swift */; };
		636638562CE40B5D00CD48F7 /* Constants.swift in Sources */ = {isa = PBXBuildFile; fileRef = 636638552CE40B5700CD48F7 /* Constants.swift */; };
		BC0583D62CADD64C0018E9C1 /* HomeToolBar.swift in Sources */ = {isa = PBXBuildFile; fileRef = BC0583D52CADD64C0018E9C1 /* HomeToolBar.swift */; };
		BC0583D82CADD7190018E9C1 /* HomeView.swift in Sources */ = {isa = PBXBuildFile; fileRef = BC0583D72CADD7190018E9C1 /* HomeView.swift */; };
		BC0583DB2CADD7D50018E9C1 /* GolfSessionView.swift in Sources */ = {isa = PBXBuildFile; fileRef = BC0583DA2CADD7D50018E9C1 /* GolfSessionView.swift */; };
		BC064AE32CD2A58C0082B7D9 /* AuthInputComponentView.swift in Sources */ = {isa = PBXBuildFile; fileRef = BC064AE22CD2A58C0082B7D9 /* AuthInputComponentView.swift */; };
		BC1CC86F2CAF323B00E5FC48 /* Localizable.xcstrings in Resources */ = {isa = PBXBuildFile; fileRef = BC1CC86E2CAF323B00E5FC48 /* Localizable.xcstrings */; };
		BC1CC8752CAF336700E5FC48 /* LoginView.swift in Sources */ = {isa = PBXBuildFile; fileRef = BC1CC8742CAF336700E5FC48 /* LoginView.swift */; };
		BC1CC8782CAF351E00E5FC48 /* AuthViewModel.swift in Sources */ = {isa = PBXBuildFile; fileRef = BC1CC8772CAF351000E5FC48 /* AuthViewModel.swift */; };
		BC1CC87A2CAF36AB00E5FC48 /* RegistrationView.swift in Sources */ = {isa = PBXBuildFile; fileRef = BC1CC8792CAF36AB00E5FC48 /* RegistrationView.swift */; };
		BC1CC87C2CAF7CF300E5FC48 /* GoogleService-Info.plist in Resources */ = {isa = PBXBuildFile; fileRef = BC1CC87B2CAF7CF300E5FC48 /* GoogleService-Info.plist */; };
		BC1CC87D2CAF7CF300E5FC48 /* GoogleService-Info.plist in Resources */ = {isa = PBXBuildFile; fileRef = BC1CC87B2CAF7CF300E5FC48 /* GoogleService-Info.plist */; };
		BC1CC8822CAF92E700E5FC48 /* AppState.swift in Sources */ = {isa = PBXBuildFile; fileRef = BC1CC8812CAF92DB00E5FC48 /* AppState.swift */; };
		BC6921B12CC853DE00E7CD64 /* Localizable.xcstrings in Resources */ = {isa = PBXBuildFile; fileRef = BC6921B02CC853DE00E7CD64 /* Localizable.xcstrings */; };
		BCB3200F2CE6D4A4005E9853 /* SettingsView.swift in Sources */ = {isa = PBXBuildFile; fileRef = BCB3200E2CE6D4A4005E9853 /* SettingsView.swift */; };
		BCB320142CE6DBA3005E9853 /* SettingsViewModel.swift in Sources */ = {isa = PBXBuildFile; fileRef = BCB320132CE6DBA3005E9853 /* SettingsViewModel.swift */; };
		BCB320172CE6E142005E9853 /* HomeView.swift in Sources */ = {isa = PBXBuildFile; fileRef = BCB320162CE6E142005E9853 /* HomeView.swift */; };
		BCE638112CD9851000411D5B /* User.swift in Sources */ = {isa = PBXBuildFile; fileRef = BCE638102CD9850D00411D5B /* User.swift */; };
		BCE638162CD9865800411D5B /* UserProfileView.swift in Sources */ = {isa = PBXBuildFile; fileRef = BCE638142CD9865800411D5B /* UserProfileView.swift */; };
		BCE638182CD9BC9B00411D5B /* SettingRowComponentView.swift in Sources */ = {isa = PBXBuildFile; fileRef = BCE638172CD9BC9B00411D5B /* SettingRowComponentView.swift */; };
		BCF714412CDAAD7E00BDB798 /* FirebaseAuth in Frameworks */ = {isa = PBXBuildFile; productRef = BCF714402CDAAD7E00BDB798 /* FirebaseAuth */; };
		BCF714432CDAAD7E00BDB798 /* FirebaseDatabase in Frameworks */ = {isa = PBXBuildFile; productRef = BCF714422CDAAD7E00BDB798 /* FirebaseDatabase */; };
		BCF714452CDAAD7E00BDB798 /* FirebaseFirestore in Frameworks */ = {isa = PBXBuildFile; productRef = BCF714442CDAAD7E00BDB798 /* FirebaseFirestore */; };
		BCF714472CDAAD7E00BDB798 /* FirebaseFirestoreCombine-Community in Frameworks */ = {isa = PBXBuildFile; productRef = BCF714462CDAAD7E00BDB798 /* FirebaseFirestoreCombine-Community */; };
		BCF714492CDAAD7E00BDB798 /* FirebaseStorage in Frameworks */ = {isa = PBXBuildFile; productRef = BCF714482CDAAD7E00BDB798 /* FirebaseStorage */; };
		BCF7144B2CDAAD7E00BDB798 /* FirebaseStorageCombine-Community in Frameworks */ = {isa = PBXBuildFile; productRef = BCF7144A2CDAAD7E00BDB798 /* FirebaseStorageCombine-Community */; };
		BCF7144F2CDABD6600BDB798 /* UserAttributesInputView.swift in Sources */ = {isa = PBXBuildFile; fileRef = BCF7144E2CDABD6600BDB798 /* UserAttributesInputView.swift */; };
		FE0109032C91265C00F074C8 /* GolfSwingTrainerApp.swift in Sources */ = {isa = PBXBuildFile; fileRef = FE0109022C91265C00F074C8 /* GolfSwingTrainerApp.swift */; };
		FE0109052C91265C00F074C8 /* ContentView.swift in Sources */ = {isa = PBXBuildFile; fileRef = FE0109042C91265C00F074C8 /* ContentView.swift */; };
		FE0109072C91265D00F074C8 /* Assets.xcassets in Resources */ = {isa = PBXBuildFile; fileRef = FE0109062C91265D00F074C8 /* Assets.xcassets */; };
		FE01090A2C91265D00F074C8 /* Preview Assets.xcassets in Resources */ = {isa = PBXBuildFile; fileRef = FE0109092C91265D00F074C8 /* Preview Assets.xcassets */; };
		FE0109142C91265D00F074C8 /* GolfSwingTrainerTests.swift in Sources */ = {isa = PBXBuildFile; fileRef = FE0109132C91265D00F074C8 /* GolfSwingTrainerTests.swift */; };
		FE01091E2C91265D00F074C8 /* GolfSwingTrainerUITests.swift in Sources */ = {isa = PBXBuildFile; fileRef = FE01091D2C91265D00F074C8 /* GolfSwingTrainerUITests.swift */; };
		FE0109202C91265D00F074C8 /* GolfSwingTrainerUITestsLaunchTests.swift in Sources */ = {isa = PBXBuildFile; fileRef = FE01091F2C91265D00F074C8 /* GolfSwingTrainerUITestsLaunchTests.swift */; };
		FE0109262C91265D00F074C8 /* GolfSwingTrainer Watch App.app in Embed Watch Content */ = {isa = PBXBuildFile; fileRef = FE0109252C91265D00F074C8 /* GolfSwingTrainer Watch App.app */; settings = {ATTRIBUTES = (RemoveHeadersOnCopy, ); }; };
		FE01092B2C91265D00F074C8 /* GolfSwingTrainerApp.swift in Sources */ = {isa = PBXBuildFile; fileRef = FE01092A2C91265D00F074C8 /* GolfSwingTrainerApp.swift */; };
		FE01092D2C91265D00F074C8 /* ContentView.swift in Sources */ = {isa = PBXBuildFile; fileRef = FE01092C2C91265D00F074C8 /* ContentView.swift */; };
		FE01092F2C91265E00F074C8 /* Assets.xcassets in Resources */ = {isa = PBXBuildFile; fileRef = FE01092E2C91265E00F074C8 /* Assets.xcassets */; };
		FE0109322C91265E00F074C8 /* Preview Assets.xcassets in Resources */ = {isa = PBXBuildFile; fileRef = FE0109312C91265E00F074C8 /* Preview Assets.xcassets */; };
		FE01093C2C91265E00F074C8 /* GolfSwingTrainer_Watch_AppTests.swift in Sources */ = {isa = PBXBuildFile; fileRef = FE01093B2C91265E00F074C8 /* GolfSwingTrainer_Watch_AppTests.swift */; };
		FE0109462C91265E00F074C8 /* GolfSwingTrainer_Watch_AppUITests.swift in Sources */ = {isa = PBXBuildFile; fileRef = FE0109452C91265E00F074C8 /* GolfSwingTrainer_Watch_AppUITests.swift */; };
		FE0109482C91265E00F074C8 /* GolfSwingTrainer_Watch_AppUITestsLaunchTests.swift in Sources */ = {isa = PBXBuildFile; fileRef = FE0109472C91265E00F074C8 /* GolfSwingTrainer_Watch_AppUITestsLaunchTests.swift */; };
/* End PBXBuildFile section */

/* Begin PBXContainerItemProxy section */
		FE0109102C91265D00F074C8 /* PBXContainerItemProxy */ = {
			isa = PBXContainerItemProxy;
			containerPortal = FE0108F72C91265C00F074C8 /* Project object */;
			proxyType = 1;
			remoteGlobalIDString = FE0108FE2C91265C00F074C8;
			remoteInfo = GolfSwingTrainer;
		};
		FE01091A2C91265D00F074C8 /* PBXContainerItemProxy */ = {
			isa = PBXContainerItemProxy;
			containerPortal = FE0108F72C91265C00F074C8 /* Project object */;
			proxyType = 1;
			remoteGlobalIDString = FE0108FE2C91265C00F074C8;
			remoteInfo = GolfSwingTrainer;
		};
		FE0109272C91265D00F074C8 /* PBXContainerItemProxy */ = {
			isa = PBXContainerItemProxy;
			containerPortal = FE0108F72C91265C00F074C8 /* Project object */;
			proxyType = 1;
			remoteGlobalIDString = FE0109242C91265D00F074C8;
			remoteInfo = "GolfSwingTrainer Watch App";
		};
		FE0109382C91265E00F074C8 /* PBXContainerItemProxy */ = {
			isa = PBXContainerItemProxy;
			containerPortal = FE0108F72C91265C00F074C8 /* Project object */;
			proxyType = 1;
			remoteGlobalIDString = FE0109242C91265D00F074C8;
			remoteInfo = "GolfSwingTrainer Watch App";
		};
		FE0109422C91265E00F074C8 /* PBXContainerItemProxy */ = {
			isa = PBXContainerItemProxy;
			containerPortal = FE0108F72C91265C00F074C8 /* Project object */;
			proxyType = 1;
			remoteGlobalIDString = FE0109242C91265D00F074C8;
			remoteInfo = "GolfSwingTrainer Watch App";
		};
/* End PBXContainerItemProxy section */

/* Begin PBXCopyFilesBuildPhase section */
		FE01094E2C91265E00F074C8 /* Embed Watch Content */ = {
			isa = PBXCopyFilesBuildPhase;
			buildActionMask = 2147483647;
			dstPath = "$(CONTENTS_FOLDER_PATH)/Watch";
			dstSubfolderSpec = 16;
			files = (
				FE0109262C91265D00F074C8 /* GolfSwingTrainer Watch App.app in Embed Watch Content */,
			);
			name = "Embed Watch Content";
			runOnlyForDeploymentPostprocessing = 0;
		};
/* End PBXCopyFilesBuildPhase section */

/* Begin PBXFileReference section */
		0AA2CAC72CE3A1B10048F486 /* SceneKit Asset Catalog.scnassets */ = {isa = PBXFileReference; lastKnownFileType = wrapper.scnassets; path = "SceneKit Asset Catalog.scnassets"; sourceTree = "<group>"; };
		0AA2CAC92CED019A0048F486 /* SwingARCaptureDelegate.swift */ = {isa = PBXFileReference; lastKnownFileType = sourcecode.swift; path = SwingARCaptureDelegate.swift; sourceTree = "<group>"; };
		0AB5E0472CAC68C00035E5E5 /* ProgressionComponentView.swift */ = {isa = PBXFileReference; lastKnownFileType = sourcecode.swift; path = ProgressionComponentView.swift; sourceTree = "<group>"; };
		0AB5E0492CAC69800035E5E5 /* ProgressView.swift */ = {isa = PBXFileReference; lastKnownFileType = sourcecode.swift; path = ProgressView.swift; sourceTree = "<group>"; };
		0AB5E04B2CAC69EE0035E5E5 /* ProgressDetailsView.swift */ = {isa = PBXFileReference; lastKnownFileType = sourcecode.swift; path = ProgressDetailsView.swift; sourceTree = "<group>"; };
		0AB7CA582CBEC953007D10AA /* SessionView.swift */ = {isa = PBXFileReference; lastKnownFileType = sourcecode.swift; path = SessionView.swift; sourceTree = "<group>"; };
		0AB7CA5A2CBECEE0007D10AA /* SessionViewModel.swift */ = {isa = PBXFileReference; lastKnownFileType = sourcecode.swift; path = SessionViewModel.swift; sourceTree = "<group>"; };
		0AB7CA5E2CBFE550007D10AA /* SwingVideoCaptureDelegate.swift */ = {isa = PBXFileReference; lastKnownFileType = sourcecode.swift; path = SwingVideoCaptureDelegate.swift; sourceTree = "<group>"; };
		636638492CE3FCD800CD48F7 /* UserAttributesViewModel.swift */ = {isa = PBXFileReference; lastKnownFileType = sourcecode.swift; path = UserAttributesViewModel.swift; sourceTree = "<group>"; };
		6366384B2CE3FDE300CD48F7 /* CoreData.framework */ = {isa = PBXFileReference; lastKnownFileType = wrapper.framework; name = CoreData.framework; path = Platforms/iPhoneOS.platform/Developer/SDKs/iPhoneOS18.1.sdk/System/Library/Frameworks/CoreData.framework; sourceTree = DEVELOPER_DIR; };
		6366384E2CE3FE2E00CD48F7 /* Model.xcdatamodel */ = {isa = PBXFileReference; lastKnownFileType = wrapper.xcdatamodel; path = Model.xcdatamodel; sourceTree = "<group>"; };
		636638512CE3FE7600CD48F7 /* PersistenceController.swift */ = {isa = PBXFileReference; lastKnownFileType = sourcecode.swift; path = PersistenceController.swift; sourceTree = "<group>"; };
		636638532CE40A6400CD48F7 /* PickerUserInputComponentView.swift */ = {isa = PBXFileReference; lastKnownFileType = sourcecode.swift; path = PickerUserInputComponentView.swift; sourceTree = "<group>"; };
		636638552CE40B5700CD48F7 /* Constants.swift */ = {isa = PBXFileReference; lastKnownFileType = sourcecode.swift; path = Constants.swift; sourceTree = "<group>"; };
		BC0583D52CADD64C0018E9C1 /* HomeToolBar.swift */ = {isa = PBXFileReference; lastKnownFileType = sourcecode.swift; path = HomeToolBar.swift; sourceTree = "<group>"; };
		BC0583D72CADD7190018E9C1 /* HomeView.swift */ = {isa = PBXFileReference; lastKnownFileType = sourcecode.swift; path = HomeView.swift; sourceTree = "<group>"; };
		BC0583DA2CADD7D50018E9C1 /* GolfSessionView.swift */ = {isa = PBXFileReference; lastKnownFileType = sourcecode.swift; path = GolfSessionView.swift; sourceTree = "<group>"; };
		BC064AE22CD2A58C0082B7D9 /* AuthInputComponentView.swift */ = {isa = PBXFileReference; lastKnownFileType = sourcecode.swift; path = AuthInputComponentView.swift; sourceTree = "<group>"; };
		BC1CC86E2CAF323B00E5FC48 /* Localizable.xcstrings */ = {isa = PBXFileReference; lastKnownFileType = text.json.xcstrings; path = Localizable.xcstrings; sourceTree = "<group>"; };
		BC1CC8742CAF336700E5FC48 /* LoginView.swift */ = {isa = PBXFileReference; lastKnownFileType = sourcecode.swift; path = LoginView.swift; sourceTree = "<group>"; };
		BC1CC8772CAF351000E5FC48 /* AuthViewModel.swift */ = {isa = PBXFileReference; lastKnownFileType = sourcecode.swift; path = AuthViewModel.swift; sourceTree = "<group>"; };
		BC1CC8792CAF36AB00E5FC48 /* RegistrationView.swift */ = {isa = PBXFileReference; lastKnownFileType = sourcecode.swift; path = RegistrationView.swift; sourceTree = "<group>"; };
		BC1CC87B2CAF7CF300E5FC48 /* GoogleService-Info.plist */ = {isa = PBXFileReference; lastKnownFileType = text.plist.xml; path = "GoogleService-Info.plist"; sourceTree = "<group>"; };
		BC1CC8812CAF92DB00E5FC48 /* AppState.swift */ = {isa = PBXFileReference; lastKnownFileType = sourcecode.swift; path = AppState.swift; sourceTree = "<group>"; };
		BC6921B02CC853DE00E7CD64 /* Localizable.xcstrings */ = {isa = PBXFileReference; lastKnownFileType = text.json.xcstrings; path = Localizable.xcstrings; sourceTree = "<group>"; };
		BCB3200E2CE6D4A4005E9853 /* SettingsView.swift */ = {isa = PBXFileReference; lastKnownFileType = sourcecode.swift; path = SettingsView.swift; sourceTree = "<group>"; };
		BCB320132CE6DBA3005E9853 /* SettingsViewModel.swift */ = {isa = PBXFileReference; lastKnownFileType = sourcecode.swift; path = SettingsViewModel.swift; sourceTree = "<group>"; };
		BCB320162CE6E142005E9853 /* HomeView.swift */ = {isa = PBXFileReference; lastKnownFileType = sourcecode.swift; path = HomeView.swift; sourceTree = "<group>"; };
		BCE638102CD9850D00411D5B /* User.swift */ = {isa = PBXFileReference; lastKnownFileType = sourcecode.swift; path = User.swift; sourceTree = "<group>"; };
		BCE638142CD9865800411D5B /* UserProfileView.swift */ = {isa = PBXFileReference; lastKnownFileType = sourcecode.swift; path = UserProfileView.swift; sourceTree = "<group>"; };
		BCE638172CD9BC9B00411D5B /* SettingRowComponentView.swift */ = {isa = PBXFileReference; lastKnownFileType = sourcecode.swift; path = SettingRowComponentView.swift; sourceTree = "<group>"; };
		BCF7144E2CDABD6600BDB798 /* UserAttributesInputView.swift */ = {isa = PBXFileReference; lastKnownFileType = sourcecode.swift; path = UserAttributesInputView.swift; sourceTree = "<group>"; };
		FE0108FF2C91265C00F074C8 /* GolfSwingTrainer.app */ = {isa = PBXFileReference; explicitFileType = wrapper.application; includeInIndex = 0; path = GolfSwingTrainer.app; sourceTree = BUILT_PRODUCTS_DIR; };
		FE0109022C91265C00F074C8 /* GolfSwingTrainerApp.swift */ = {isa = PBXFileReference; lastKnownFileType = sourcecode.swift; path = GolfSwingTrainerApp.swift; sourceTree = "<group>"; };
		FE0109042C91265C00F074C8 /* ContentView.swift */ = {isa = PBXFileReference; lastKnownFileType = sourcecode.swift; path = ContentView.swift; sourceTree = "<group>"; };
		FE0109062C91265D00F074C8 /* Assets.xcassets */ = {isa = PBXFileReference; lastKnownFileType = folder.assetcatalog; path = Assets.xcassets; sourceTree = "<group>"; };
		FE0109092C91265D00F074C8 /* Preview Assets.xcassets */ = {isa = PBXFileReference; lastKnownFileType = folder.assetcatalog; path = "Preview Assets.xcassets"; sourceTree = "<group>"; };
		FE01090F2C91265D00F074C8 /* GolfSwingTrainerTests.xctest */ = {isa = PBXFileReference; explicitFileType = wrapper.cfbundle; includeInIndex = 0; path = GolfSwingTrainerTests.xctest; sourceTree = BUILT_PRODUCTS_DIR; };
		FE0109132C91265D00F074C8 /* GolfSwingTrainerTests.swift */ = {isa = PBXFileReference; lastKnownFileType = sourcecode.swift; path = GolfSwingTrainerTests.swift; sourceTree = "<group>"; };
		FE0109192C91265D00F074C8 /* GolfSwingTrainerUITests.xctest */ = {isa = PBXFileReference; explicitFileType = wrapper.cfbundle; includeInIndex = 0; path = GolfSwingTrainerUITests.xctest; sourceTree = BUILT_PRODUCTS_DIR; };
		FE01091D2C91265D00F074C8 /* GolfSwingTrainerUITests.swift */ = {isa = PBXFileReference; lastKnownFileType = sourcecode.swift; path = GolfSwingTrainerUITests.swift; sourceTree = "<group>"; };
		FE01091F2C91265D00F074C8 /* GolfSwingTrainerUITestsLaunchTests.swift */ = {isa = PBXFileReference; lastKnownFileType = sourcecode.swift; path = GolfSwingTrainerUITestsLaunchTests.swift; sourceTree = "<group>"; };
		FE0109252C91265D00F074C8 /* GolfSwingTrainer Watch App.app */ = {isa = PBXFileReference; explicitFileType = wrapper.application; includeInIndex = 0; path = "GolfSwingTrainer Watch App.app"; sourceTree = BUILT_PRODUCTS_DIR; };
		FE01092A2C91265D00F074C8 /* GolfSwingTrainerApp.swift */ = {isa = PBXFileReference; lastKnownFileType = sourcecode.swift; path = GolfSwingTrainerApp.swift; sourceTree = "<group>"; };
		FE01092C2C91265D00F074C8 /* ContentView.swift */ = {isa = PBXFileReference; lastKnownFileType = sourcecode.swift; path = ContentView.swift; sourceTree = "<group>"; };
		FE01092E2C91265E00F074C8 /* Assets.xcassets */ = {isa = PBXFileReference; lastKnownFileType = folder.assetcatalog; path = Assets.xcassets; sourceTree = "<group>"; };
		FE0109312C91265E00F074C8 /* Preview Assets.xcassets */ = {isa = PBXFileReference; lastKnownFileType = folder.assetcatalog; path = "Preview Assets.xcassets"; sourceTree = "<group>"; };
		FE0109372C91265E00F074C8 /* GolfSwingTrainer Watch AppTests.xctest */ = {isa = PBXFileReference; explicitFileType = wrapper.cfbundle; includeInIndex = 0; path = "GolfSwingTrainer Watch AppTests.xctest"; sourceTree = BUILT_PRODUCTS_DIR; };
		FE01093B2C91265E00F074C8 /* GolfSwingTrainer_Watch_AppTests.swift */ = {isa = PBXFileReference; lastKnownFileType = sourcecode.swift; path = GolfSwingTrainer_Watch_AppTests.swift; sourceTree = "<group>"; };
		FE0109412C91265E00F074C8 /* GolfSwingTrainer Watch AppUITests.xctest */ = {isa = PBXFileReference; explicitFileType = wrapper.cfbundle; includeInIndex = 0; path = "GolfSwingTrainer Watch AppUITests.xctest"; sourceTree = BUILT_PRODUCTS_DIR; };
		FE0109452C91265E00F074C8 /* GolfSwingTrainer_Watch_AppUITests.swift */ = {isa = PBXFileReference; lastKnownFileType = sourcecode.swift; path = GolfSwingTrainer_Watch_AppUITests.swift; sourceTree = "<group>"; };
		FE0109472C91265E00F074C8 /* GolfSwingTrainer_Watch_AppUITestsLaunchTests.swift */ = {isa = PBXFileReference; lastKnownFileType = sourcecode.swift; path = GolfSwingTrainer_Watch_AppUITestsLaunchTests.swift; sourceTree = "<group>"; };
/* End PBXFileReference section */

/* Begin PBXFrameworksBuildPhase section */
		FE0108FC2C91265C00F074C8 /* Frameworks */ = {
			isa = PBXFrameworksBuildPhase;
			buildActionMask = 2147483647;
			files = (
				6329FA8B2CDBBB7C00B9C0E8 /* FirebaseAnalytics in Frameworks */,
				BCF714432CDAAD7E00BDB798 /* FirebaseDatabase in Frameworks */,
				BCF714472CDAAD7E00BDB798 /* FirebaseFirestoreCombine-Community in Frameworks */,
				6329FA972CDBBB7C00B9C0E8 /* FirebaseStorageCombine-Community in Frameworks */,
				6329FA912CDBBB7C00B9C0E8 /* FirebaseFirestore in Frameworks */,
				BCF714412CDAAD7E00BDB798 /* FirebaseAuth in Frameworks */,
				6329FA952CDBBB7C00B9C0E8 /* FirebaseStorage in Frameworks */,
				6329FA932CDBBB7C00B9C0E8 /* FirebaseFirestoreCombine-Community in Frameworks */,
				BCF714492CDAAD7E00BDB798 /* FirebaseStorage in Frameworks */,
				6366384C2CE3FDE300CD48F7 /* CoreData.framework in Frameworks */,
				BCF7144B2CDAAD7E00BDB798 /* FirebaseStorageCombine-Community in Frameworks */,
				6329FA8F2CDBBB7C00B9C0E8 /* FirebaseDatabase in Frameworks */,
				BCF714452CDAAD7E00BDB798 /* FirebaseFirestore in Frameworks */,
				6329FA8D2CDBBB7C00B9C0E8 /* FirebaseAuth in Frameworks */,
			);
			runOnlyForDeploymentPostprocessing = 0;
		};
		FE01090C2C91265D00F074C8 /* Frameworks */ = {
			isa = PBXFrameworksBuildPhase;
			buildActionMask = 2147483647;
			files = (
			);
			runOnlyForDeploymentPostprocessing = 0;
		};
		FE0109162C91265D00F074C8 /* Frameworks */ = {
			isa = PBXFrameworksBuildPhase;
			buildActionMask = 2147483647;
			files = (
			);
			runOnlyForDeploymentPostprocessing = 0;
		};
		FE0109222C91265D00F074C8 /* Frameworks */ = {
			isa = PBXFrameworksBuildPhase;
			buildActionMask = 2147483647;
			files = (
			);
			runOnlyForDeploymentPostprocessing = 0;
		};
		FE0109342C91265E00F074C8 /* Frameworks */ = {
			isa = PBXFrameworksBuildPhase;
			buildActionMask = 2147483647;
			files = (
			);
			runOnlyForDeploymentPostprocessing = 0;
		};
		FE01093E2C91265E00F074C8 /* Frameworks */ = {
			isa = PBXFrameworksBuildPhase;
			buildActionMask = 2147483647;
			files = (
			);
			runOnlyForDeploymentPostprocessing = 0;
		};
/* End PBXFrameworksBuildPhase section */

/* Begin PBXGroup section */
		0A1AF9982CEFC5FE000BFD3A /* Session */ = {
			isa = PBXGroup;
			children = (
				0AB7CA5A2CBECEE0007D10AA /* SessionViewModel.swift */,
			);
			path = Session;
			sourceTree = "<group>";
		};
		0AB5E0452CAC68630035E5E5 /* Views */ = {
			isa = PBXGroup;
			children = (
				0AB7CA572CBEC914007D10AA /* Session */,
				BCB320152CE6E129005E9853 /* Home */,
				BCB3200D2CE6D479005E9853 /* Settings */,
				BCF7144D2CDABB8700BDB798 /* Start Dialog */,
				BCE638152CD9865800411D5B /* Profile */,
				BC1CC8732CAF32FE00E5FC48 /* Authentication */,
				0AB5E0462CAC68880035E5E5 /* Progress */,
				FE0109042C91265C00F074C8 /* ContentView.swift */,
			);
			path = Views;
			sourceTree = "<group>";
		};
		0AB5E0462CAC68880035E5E5 /* Progress */ = {
			isa = PBXGroup;
			children = (
				0AB5E0472CAC68C00035E5E5 /* ProgressionComponentView.swift */,
				0AB5E0492CAC69800035E5E5 /* ProgressView.swift */,
				0AB5E04B2CAC69EE0035E5E5 /* ProgressDetailsView.swift */,
			);
			path = Progress;
			sourceTree = "<group>";
		};
		0AB7CA572CBEC914007D10AA /* Session */ = {
			isa = PBXGroup;
			children = (
				0AB7CA582CBEC953007D10AA /* SessionView.swift */,
			);
			path = Session;
			sourceTree = "<group>";
		};
		0AB7CA5C2CBFE4EB007D10AA /* BLL */ = {
			isa = PBXGroup;
			children = (
				0AB7CA5D2CBFE4F8007D10AA /* SwingAnalyzer */,
			);
			path = BLL;
			sourceTree = "<group>";
		};
		0AB7CA5D2CBFE4F8007D10AA /* SwingAnalyzer */ = {
			isa = PBXGroup;
			children = (
				0AB7CA5E2CBFE550007D10AA /* SwingVideoCaptureDelegate.swift */,
				0AA2CAC92CED019A0048F486 /* SwingARCaptureDelegate.swift */,
			);
			path = SwingAnalyzer;
			sourceTree = "<group>";
		};
		BC0583D22CADACD20018E9C1 /* Views */ = {
			isa = PBXGroup;
			children = (
				BC0583D92CADD7940018E9C1 /* Session */,
				BC0583D32CADACD90018E9C1 /* Home */,
			);
			path = Views;
			sourceTree = "<group>";
		};
		BC0583D32CADACD90018E9C1 /* Home */ = {
			isa = PBXGroup;
			children = (
				BC0583D52CADD64C0018E9C1 /* HomeToolBar.swift */,
				BC0583D72CADD7190018E9C1 /* HomeView.swift */,
			);
			path = Home;
			sourceTree = "<group>";
		};
		BC0583D92CADD7940018E9C1 /* Session */ = {
			isa = PBXGroup;
			children = (
				BC0583DA2CADD7D50018E9C1 /* GolfSessionView.swift */,
			);
			path = Session;
			sourceTree = "<group>";
		};
		BC1CC86D2CAF320D00E5FC48 /* Resources */ = {
			isa = PBXGroup;
			children = (
				BC1CC86E2CAF323B00E5FC48 /* Localizable.xcstrings */,
			);
			path = Resources;
			sourceTree = "<group>";
		};
		BC1CC8702CAF324B00E5FC48 /* Resources */ = {
			isa = PBXGroup;
			children = (
				FE0109062C91265D00F074C8 /* Assets.xcassets */,
				BC6921B02CC853DE00E7CD64 /* Localizable.xcstrings */,
			);
			path = Resources;
			sourceTree = "<group>";
		};
		BC1CC8732CAF32FE00E5FC48 /* Authentication */ = {
			isa = PBXGroup;
			children = (
				BC1CC8742CAF336700E5FC48 /* LoginView.swift */,
				BC1CC8792CAF36AB00E5FC48 /* RegistrationView.swift */,
				BC064AE22CD2A58C0082B7D9 /* AuthInputComponentView.swift */,
			);
			path = Authentication;
			sourceTree = "<group>";
		};
		BC1CC8762CAF34D800E5FC48 /* ViewModels */ = {
			isa = PBXGroup;
			children = (
				0A1AF9982CEFC5FE000BFD3A /* Session */,
				BCB320122CE6DB87005E9853 /* Settings */,
				BCB320112CE6DB6E005E9853 /* Start Dialog */,
				BCB320102CE6DB32005E9853 /* Auth */,
			);
			path = ViewModels;
			sourceTree = "<group>";
		};
		BC1CC8832CAF97EA00E5FC48 /* Models */ = {
			isa = PBXGroup;
			children = (
				636638552CE40B5700CD48F7 /* Constants.swift */,
				BCE638102CD9850D00411D5B /* User.swift */,
				BC1CC8812CAF92DB00E5FC48 /* AppState.swift */,
				636638512CE3FE7600CD48F7 /* PersistenceController.swift */,
				6366384D2CE3FE2E00CD48F7 /* Model.xcdatamodeld */,
			);
			path = Models;
			sourceTree = "<group>";
		};
		BCB3200D2CE6D479005E9853 /* Settings */ = {
			isa = PBXGroup;
			children = (
				BCB3200E2CE6D4A4005E9853 /* SettingsView.swift */,
			);
			path = Settings;
			sourceTree = "<group>";
		};
		BCB320102CE6DB32005E9853 /* Auth */ = {
			isa = PBXGroup;
			children = (
				BC1CC8772CAF351000E5FC48 /* AuthViewModel.swift */,
			);
			path = Auth;
			sourceTree = "<group>";
		};
		BCB320112CE6DB6E005E9853 /* Start Dialog */ = {
			isa = PBXGroup;
			children = (
				636638492CE3FCD800CD48F7 /* UserAttributesViewModel.swift */,
			);
			path = "Start Dialog";
			sourceTree = "<group>";
		};
		BCB320122CE6DB87005E9853 /* Settings */ = {
			isa = PBXGroup;
			children = (
				BCB320132CE6DBA3005E9853 /* SettingsViewModel.swift */,
			);
			path = Settings;
			sourceTree = "<group>";
		};
		BCB320152CE6E129005E9853 /* Home */ = {
			isa = PBXGroup;
			children = (
				BCB320162CE6E142005E9853 /* HomeView.swift */,
			);
			path = Home;
			sourceTree = "<group>";
		};
		BCE638152CD9865800411D5B /* Profile */ = {
			isa = PBXGroup;
			children = (
				BCE638142CD9865800411D5B /* UserProfileView.swift */,
				BCE638172CD9BC9B00411D5B /* SettingRowComponentView.swift */,
			);
			path = Profile;
			sourceTree = "<group>";
		};
		BCE638192CD9CEB000411D5B /* Frameworks */ = {
			isa = PBXGroup;
			children = (
				6366384B2CE3FDE300CD48F7 /* CoreData.framework */,
			);
			name = Frameworks;
			sourceTree = "<group>";
		};
		BCF7144D2CDABB8700BDB798 /* Start Dialog */ = {
			isa = PBXGroup;
			children = (
				BCF7144E2CDABD6600BDB798 /* UserAttributesInputView.swift */,
				636638532CE40A6400CD48F7 /* PickerUserInputComponentView.swift */,
			);
			path = "Start Dialog";
			sourceTree = "<group>";
		};
		FE0108F62C91265C00F074C8 = {
			isa = PBXGroup;
			children = (
				FE0109012C91265C00F074C8 /* GolfSwingTrainer */,
				FE0109122C91265D00F074C8 /* GolfSwingTrainerTests */,
				FE01091C2C91265D00F074C8 /* GolfSwingTrainerUITests */,
				FE0109292C91265D00F074C8 /* GolfSwingTrainer Watch App */,
				FE01093A2C91265E00F074C8 /* GolfSwingTrainer Watch AppTests */,
				FE0109442C91265E00F074C8 /* GolfSwingTrainer Watch AppUITests */,
				BCE638192CD9CEB000411D5B /* Frameworks */,
				FE0109002C91265C00F074C8 /* Products */,
			);
			sourceTree = "<group>";
		};
		FE0109002C91265C00F074C8 /* Products */ = {
			isa = PBXGroup;
			children = (
				FE0108FF2C91265C00F074C8 /* GolfSwingTrainer.app */,
				FE01090F2C91265D00F074C8 /* GolfSwingTrainerTests.xctest */,
				FE0109192C91265D00F074C8 /* GolfSwingTrainerUITests.xctest */,
				FE0109252C91265D00F074C8 /* GolfSwingTrainer Watch App.app */,
				FE0109372C91265E00F074C8 /* GolfSwingTrainer Watch AppTests.xctest */,
				FE0109412C91265E00F074C8 /* GolfSwingTrainer Watch AppUITests.xctest */,
			);
			name = Products;
			sourceTree = "<group>";
		};
		FE0109012C91265C00F074C8 /* GolfSwingTrainer */ = {
			isa = PBXGroup;
			children = (
				0AB7CA5C2CBFE4EB007D10AA /* BLL */,
				BC1CC8832CAF97EA00E5FC48 /* Models */,
				0AB5E0452CAC68630035E5E5 /* Views */,
				BC1CC8762CAF34D800E5FC48 /* ViewModels */,
				BC1CC8702CAF324B00E5FC48 /* Resources */,
				FE0109022C91265C00F074C8 /* GolfSwingTrainerApp.swift */,
				BC1CC87B2CAF7CF300E5FC48 /* GoogleService-Info.plist */,
				FE0109082C91265D00F074C8 /* Preview Content */,
				0AA2CAC72CE3A1B10048F486 /* SceneKit Asset Catalog.scnassets */,
			);
			path = GolfSwingTrainer;
			sourceTree = "<group>";
		};
		FE0109082C91265D00F074C8 /* Preview Content */ = {
			isa = PBXGroup;
			children = (
				FE0109092C91265D00F074C8 /* Preview Assets.xcassets */,
			);
			path = "Preview Content";
			sourceTree = "<group>";
		};
		FE0109122C91265D00F074C8 /* GolfSwingTrainerTests */ = {
			isa = PBXGroup;
			children = (
				FE0109132C91265D00F074C8 /* GolfSwingTrainerTests.swift */,
			);
			path = GolfSwingTrainerTests;
			sourceTree = "<group>";
		};
		FE01091C2C91265D00F074C8 /* GolfSwingTrainerUITests */ = {
			isa = PBXGroup;
			children = (
				FE01091D2C91265D00F074C8 /* GolfSwingTrainerUITests.swift */,
				FE01091F2C91265D00F074C8 /* GolfSwingTrainerUITestsLaunchTests.swift */,
			);
			path = GolfSwingTrainerUITests;
			sourceTree = "<group>";
		};
		FE0109292C91265D00F074C8 /* GolfSwingTrainer Watch App */ = {
			isa = PBXGroup;
			children = (
				BC1CC86D2CAF320D00E5FC48 /* Resources */,
				BC0583D22CADACD20018E9C1 /* Views */,
				FE01092A2C91265D00F074C8 /* GolfSwingTrainerApp.swift */,
				FE01092C2C91265D00F074C8 /* ContentView.swift */,
				FE01092E2C91265E00F074C8 /* Assets.xcassets */,
				FE0109302C91265E00F074C8 /* Preview Content */,
			);
			path = "GolfSwingTrainer Watch App";
			sourceTree = "<group>";
		};
		FE0109302C91265E00F074C8 /* Preview Content */ = {
			isa = PBXGroup;
			children = (
				FE0109312C91265E00F074C8 /* Preview Assets.xcassets */,
			);
			path = "Preview Content";
			sourceTree = "<group>";
		};
		FE01093A2C91265E00F074C8 /* GolfSwingTrainer Watch AppTests */ = {
			isa = PBXGroup;
			children = (
				FE01093B2C91265E00F074C8 /* GolfSwingTrainer_Watch_AppTests.swift */,
			);
			path = "GolfSwingTrainer Watch AppTests";
			sourceTree = "<group>";
		};
		FE0109442C91265E00F074C8 /* GolfSwingTrainer Watch AppUITests */ = {
			isa = PBXGroup;
			children = (
				FE0109452C91265E00F074C8 /* GolfSwingTrainer_Watch_AppUITests.swift */,
				FE0109472C91265E00F074C8 /* GolfSwingTrainer_Watch_AppUITestsLaunchTests.swift */,
			);
			path = "GolfSwingTrainer Watch AppUITests";
			sourceTree = "<group>";
		};
/* End PBXGroup section */

/* Begin PBXNativeTarget section */
		FE0108FE2C91265C00F074C8 /* GolfSwingTrainer */ = {
			isa = PBXNativeTarget;
			buildConfigurationList = FE01094F2C91265E00F074C8 /* Build configuration list for PBXNativeTarget "GolfSwingTrainer" */;
			buildPhases = (
				FE0108FB2C91265C00F074C8 /* Sources */,
				FE0108FC2C91265C00F074C8 /* Frameworks */,
				FE0108FD2C91265C00F074C8 /* Resources */,
				FE01094E2C91265E00F074C8 /* Embed Watch Content */,
			);
			buildRules = (
			);
			dependencies = (
				FE0109282C91265D00F074C8 /* PBXTargetDependency */,
			);
			name = GolfSwingTrainer;
			productName = GolfSwingTrainer;
			productReference = FE0108FF2C91265C00F074C8 /* GolfSwingTrainer.app */;
			productType = "com.apple.product-type.application";
		};
		FE01090E2C91265D00F074C8 /* GolfSwingTrainerTests */ = {
			isa = PBXNativeTarget;
			buildConfigurationList = FE0109522C91265E00F074C8 /* Build configuration list for PBXNativeTarget "GolfSwingTrainerTests" */;
			buildPhases = (
				FE01090B2C91265D00F074C8 /* Sources */,
				FE01090C2C91265D00F074C8 /* Frameworks */,
				FE01090D2C91265D00F074C8 /* Resources */,
			);
			buildRules = (
			);
			dependencies = (
				FE0109112C91265D00F074C8 /* PBXTargetDependency */,
			);
			name = GolfSwingTrainerTests;
			productName = GolfSwingTrainerTests;
			productReference = FE01090F2C91265D00F074C8 /* GolfSwingTrainerTests.xctest */;
			productType = "com.apple.product-type.bundle.unit-test";
		};
		FE0109182C91265D00F074C8 /* GolfSwingTrainerUITests */ = {
			isa = PBXNativeTarget;
			buildConfigurationList = FE0109552C91265E00F074C8 /* Build configuration list for PBXNativeTarget "GolfSwingTrainerUITests" */;
			buildPhases = (
				FE0109152C91265D00F074C8 /* Sources */,
				FE0109162C91265D00F074C8 /* Frameworks */,
				FE0109172C91265D00F074C8 /* Resources */,
			);
			buildRules = (
			);
			dependencies = (
				FE01091B2C91265D00F074C8 /* PBXTargetDependency */,
			);
			name = GolfSwingTrainerUITests;
			productName = GolfSwingTrainerUITests;
			productReference = FE0109192C91265D00F074C8 /* GolfSwingTrainerUITests.xctest */;
			productType = "com.apple.product-type.bundle.ui-testing";
		};
		FE0109242C91265D00F074C8 /* GolfSwingTrainer Watch App */ = {
			isa = PBXNativeTarget;
			buildConfigurationList = FE01094B2C91265E00F074C8 /* Build configuration list for PBXNativeTarget "GolfSwingTrainer Watch App" */;
			buildPhases = (
				FE0109212C91265D00F074C8 /* Sources */,
				FE0109222C91265D00F074C8 /* Frameworks */,
				FE0109232C91265D00F074C8 /* Resources */,
			);
			buildRules = (
			);
			dependencies = (
			);
			name = "GolfSwingTrainer Watch App";
			productName = "GolfSwingTrainer Watch App";
			productReference = FE0109252C91265D00F074C8 /* GolfSwingTrainer Watch App.app */;
			productType = "com.apple.product-type.application";
		};
		FE0109362C91265E00F074C8 /* GolfSwingTrainer Watch AppTests */ = {
			isa = PBXNativeTarget;
			buildConfigurationList = FE0109582C91265E00F074C8 /* Build configuration list for PBXNativeTarget "GolfSwingTrainer Watch AppTests" */;
			buildPhases = (
				FE0109332C91265E00F074C8 /* Sources */,
				FE0109342C91265E00F074C8 /* Frameworks */,
				FE0109352C91265E00F074C8 /* Resources */,
			);
			buildRules = (
			);
			dependencies = (
				FE0109392C91265E00F074C8 /* PBXTargetDependency */,
			);
			name = "GolfSwingTrainer Watch AppTests";
			productName = "GolfSwingTrainer Watch AppTests";
			productReference = FE0109372C91265E00F074C8 /* GolfSwingTrainer Watch AppTests.xctest */;
			productType = "com.apple.product-type.bundle.unit-test";
		};
		FE0109402C91265E00F074C8 /* GolfSwingTrainer Watch AppUITests */ = {
			isa = PBXNativeTarget;
			buildConfigurationList = FE01095B2C91265E00F074C8 /* Build configuration list for PBXNativeTarget "GolfSwingTrainer Watch AppUITests" */;
			buildPhases = (
				FE01093D2C91265E00F074C8 /* Sources */,
				FE01093E2C91265E00F074C8 /* Frameworks */,
				FE01093F2C91265E00F074C8 /* Resources */,
			);
			buildRules = (
			);
			dependencies = (
				FE0109432C91265E00F074C8 /* PBXTargetDependency */,
			);
			name = "GolfSwingTrainer Watch AppUITests";
			productName = "GolfSwingTrainer Watch AppUITests";
			productReference = FE0109412C91265E00F074C8 /* GolfSwingTrainer Watch AppUITests.xctest */;
			productType = "com.apple.product-type.bundle.ui-testing";
		};
/* End PBXNativeTarget section */

/* Begin PBXProject section */
		FE0108F72C91265C00F074C8 /* Project object */ = {
			isa = PBXProject;
			attributes = {
				BuildIndependentTargetsInParallel = 1;
				LastSwiftUpdateCheck = 1540;
				LastUpgradeCheck = 1610;
				TargetAttributes = {
					FE0108FE2C91265C00F074C8 = {
						CreatedOnToolsVersion = 15.4;
					};
					FE01090E2C91265D00F074C8 = {
						CreatedOnToolsVersion = 15.4;
						TestTargetID = FE0108FE2C91265C00F074C8;
					};
					FE0109182C91265D00F074C8 = {
						CreatedOnToolsVersion = 15.4;
						TestTargetID = FE0108FE2C91265C00F074C8;
					};
					FE0109242C91265D00F074C8 = {
						CreatedOnToolsVersion = 15.4;
					};
					FE0109362C91265E00F074C8 = {
						CreatedOnToolsVersion = 15.4;
						TestTargetID = FE0109242C91265D00F074C8;
					};
					FE0109402C91265E00F074C8 = {
						CreatedOnToolsVersion = 15.4;
						TestTargetID = FE0109242C91265D00F074C8;
					};
				};
			};
			buildConfigurationList = FE0108FA2C91265C00F074C8 /* Build configuration list for PBXProject "GolfSwingTrainer" */;
			compatibilityVersion = "Xcode 14.0";
			developmentRegion = en;
			hasScannedForEncodings = 0;
			knownRegions = (
				en,
				Base,
			);
			mainGroup = FE0108F62C91265C00F074C8;
			packageReferences = (
				6329FA892CDBBB7C00B9C0E8 /* XCRemoteSwiftPackageReference "firebase-ios-sdk" */,
			);
			productRefGroup = FE0109002C91265C00F074C8 /* Products */;
			projectDirPath = "";
			projectRoot = "";
			targets = (
				FE0108FE2C91265C00F074C8 /* GolfSwingTrainer */,
				FE01090E2C91265D00F074C8 /* GolfSwingTrainerTests */,
				FE0109182C91265D00F074C8 /* GolfSwingTrainerUITests */,
				FE0109242C91265D00F074C8 /* GolfSwingTrainer Watch App */,
				FE0109362C91265E00F074C8 /* GolfSwingTrainer Watch AppTests */,
				FE0109402C91265E00F074C8 /* GolfSwingTrainer Watch AppUITests */,
			);
		};
/* End PBXProject section */

/* Begin PBXResourcesBuildPhase section */
		FE0108FD2C91265C00F074C8 /* Resources */ = {
			isa = PBXResourcesBuildPhase;
			buildActionMask = 2147483647;
			files = (
				0AA2CAC82CE3A1B10048F486 /* SceneKit Asset Catalog.scnassets in Resources */,
				FE01090A2C91265D00F074C8 /* Preview Assets.xcassets in Resources */,
				FE0109072C91265D00F074C8 /* Assets.xcassets in Resources */,
				BC6921B12CC853DE00E7CD64 /* Localizable.xcstrings in Resources */,
				BC1CC87D2CAF7CF300E5FC48 /* GoogleService-Info.plist in Resources */,
			);
			runOnlyForDeploymentPostprocessing = 0;
		};
		FE01090D2C91265D00F074C8 /* Resources */ = {
			isa = PBXResourcesBuildPhase;
			buildActionMask = 2147483647;
			files = (
			);
			runOnlyForDeploymentPostprocessing = 0;
		};
		FE0109172C91265D00F074C8 /* Resources */ = {
			isa = PBXResourcesBuildPhase;
			buildActionMask = 2147483647;
			files = (
			);
			runOnlyForDeploymentPostprocessing = 0;
		};
		FE0109232C91265D00F074C8 /* Resources */ = {
			isa = PBXResourcesBuildPhase;
			buildActionMask = 2147483647;
			files = (
				FE0109322C91265E00F074C8 /* Preview Assets.xcassets in Resources */,
				FE01092F2C91265E00F074C8 /* Assets.xcassets in Resources */,
				BC1CC86F2CAF323B00E5FC48 /* Localizable.xcstrings in Resources */,
				BC1CC87C2CAF7CF300E5FC48 /* GoogleService-Info.plist in Resources */,
			);
			runOnlyForDeploymentPostprocessing = 0;
		};
		FE0109352C91265E00F074C8 /* Resources */ = {
			isa = PBXResourcesBuildPhase;
			buildActionMask = 2147483647;
			files = (
			);
			runOnlyForDeploymentPostprocessing = 0;
		};
		FE01093F2C91265E00F074C8 /* Resources */ = {
			isa = PBXResourcesBuildPhase;
			buildActionMask = 2147483647;
			files = (
			);
			runOnlyForDeploymentPostprocessing = 0;
		};
/* End PBXResourcesBuildPhase section */

/* Begin PBXSourcesBuildPhase section */
		FE0108FB2C91265C00F074C8 /* Sources */ = {
			isa = PBXSourcesBuildPhase;
			buildActionMask = 2147483647;
			files = (
				BC1CC8752CAF336700E5FC48 /* LoginView.swift in Sources */,
				0AB7CA5B2CBECEE0007D10AA /* SessionViewModel.swift in Sources */,
				636638562CE40B5D00CD48F7 /* Constants.swift in Sources */,
				FE0109052C91265C00F074C8 /* ContentView.swift in Sources */,
				0AB7CA5F2CBFE550007D10AA /* SwingVideoCaptureDelegate.swift in Sources */,
				0AB5E04A2CAC69800035E5E5 /* ProgressView.swift in Sources */,
				6366384A2CE3FCE300CD48F7 /* UserAttributesViewModel.swift in Sources */,
				BCB320172CE6E142005E9853 /* HomeView.swift in Sources */,
				BCB3200F2CE6D4A4005E9853 /* SettingsView.swift in Sources */,
				BC1CC8822CAF92E700E5FC48 /* AppState.swift in Sources */,
				0AB5E04C2CAC69EE0035E5E5 /* ProgressDetailsView.swift in Sources */,
				BCE638162CD9865800411D5B /* UserProfileView.swift in Sources */,
				FE0109032C91265C00F074C8 /* GolfSwingTrainerApp.swift in Sources */,
				0AB5E0482CAC68C00035E5E5 /* ProgressionComponentView.swift in Sources */,
				BC1CC8782CAF351E00E5FC48 /* AuthViewModel.swift in Sources */,
				0AA2CACA2CED019A0048F486 /* SwingARCaptureDelegate.swift in Sources */,
				0AB7CA592CBEC953007D10AA /* SessionView.swift in Sources */,
				BC064AE32CD2A58C0082B7D9 /* AuthInputComponentView.swift in Sources */,
				636638522CE3FE7600CD48F7 /* PersistenceController.swift in Sources */,
				BCF7144F2CDABD6600BDB798 /* UserAttributesInputView.swift in Sources */,
				6366384F2CE3FE2E00CD48F7 /* Model.xcdatamodeld in Sources */,
				BC1CC8782CAF351E00E5FC48 /* AuthViewModel.swift in Sources */,
				BC1CC87A2CAF36AB00E5FC48 /* RegistrationView.swift in Sources */,
				BCE638182CD9BC9B00411D5B /* SettingRowComponentView.swift in Sources */,
				636638542CE40A6400CD48F7 /* PickerUserInputComponentView.swift in Sources */,
				BCE638112CD9851000411D5B /* User.swift in Sources */,
				BCB320142CE6DBA3005E9853 /* SettingsViewModel.swift in Sources */,
			);
			runOnlyForDeploymentPostprocessing = 0;
		};
		FE01090B2C91265D00F074C8 /* Sources */ = {
			isa = PBXSourcesBuildPhase;
			buildActionMask = 2147483647;
			files = (
				FE0109142C91265D00F074C8 /* GolfSwingTrainerTests.swift in Sources */,
			);
			runOnlyForDeploymentPostprocessing = 0;
		};
		FE0109152C91265D00F074C8 /* Sources */ = {
			isa = PBXSourcesBuildPhase;
			buildActionMask = 2147483647;
			files = (
				FE01091E2C91265D00F074C8 /* GolfSwingTrainerUITests.swift in Sources */,
				FE0109202C91265D00F074C8 /* GolfSwingTrainerUITestsLaunchTests.swift in Sources */,
			);
			runOnlyForDeploymentPostprocessing = 0;
		};
		FE0109212C91265D00F074C8 /* Sources */ = {
			isa = PBXSourcesBuildPhase;
			buildActionMask = 2147483647;
			files = (
				BC0583D62CADD64C0018E9C1 /* HomeToolBar.swift in Sources */,
				BC0583D82CADD7190018E9C1 /* HomeView.swift in Sources */,
				BC0583DB2CADD7D50018E9C1 /* GolfSessionView.swift in Sources */,
				FE01092D2C91265D00F074C8 /* ContentView.swift in Sources */,
				FE01092B2C91265D00F074C8 /* GolfSwingTrainerApp.swift in Sources */,
				636638502CE3FE2E00CD48F7 /* Model.xcdatamodeld in Sources */,
			);
			runOnlyForDeploymentPostprocessing = 0;
		};
		FE0109332C91265E00F074C8 /* Sources */ = {
			isa = PBXSourcesBuildPhase;
			buildActionMask = 2147483647;
			files = (
				FE01093C2C91265E00F074C8 /* GolfSwingTrainer_Watch_AppTests.swift in Sources */,
			);
			runOnlyForDeploymentPostprocessing = 0;
		};
		FE01093D2C91265E00F074C8 /* Sources */ = {
			isa = PBXSourcesBuildPhase;
			buildActionMask = 2147483647;
			files = (
				FE0109462C91265E00F074C8 /* GolfSwingTrainer_Watch_AppUITests.swift in Sources */,
				FE0109482C91265E00F074C8 /* GolfSwingTrainer_Watch_AppUITestsLaunchTests.swift in Sources */,
			);
			runOnlyForDeploymentPostprocessing = 0;
		};
/* End PBXSourcesBuildPhase section */

/* Begin PBXTargetDependency section */
		FE0109112C91265D00F074C8 /* PBXTargetDependency */ = {
			isa = PBXTargetDependency;
			target = FE0108FE2C91265C00F074C8 /* GolfSwingTrainer */;
			targetProxy = FE0109102C91265D00F074C8 /* PBXContainerItemProxy */;
		};
		FE01091B2C91265D00F074C8 /* PBXTargetDependency */ = {
			isa = PBXTargetDependency;
			target = FE0108FE2C91265C00F074C8 /* GolfSwingTrainer */;
			targetProxy = FE01091A2C91265D00F074C8 /* PBXContainerItemProxy */;
		};
		FE0109282C91265D00F074C8 /* PBXTargetDependency */ = {
			isa = PBXTargetDependency;
			target = FE0109242C91265D00F074C8 /* GolfSwingTrainer Watch App */;
			targetProxy = FE0109272C91265D00F074C8 /* PBXContainerItemProxy */;
		};
		FE0109392C91265E00F074C8 /* PBXTargetDependency */ = {
			isa = PBXTargetDependency;
			target = FE0109242C91265D00F074C8 /* GolfSwingTrainer Watch App */;
			targetProxy = FE0109382C91265E00F074C8 /* PBXContainerItemProxy */;
		};
		FE0109432C91265E00F074C8 /* PBXTargetDependency */ = {
			isa = PBXTargetDependency;
			target = FE0109242C91265D00F074C8 /* GolfSwingTrainer Watch App */;
			targetProxy = FE0109422C91265E00F074C8 /* PBXContainerItemProxy */;
		};
/* End PBXTargetDependency section */

/* Begin XCBuildConfiguration section */
		FE0109492C91265E00F074C8 /* Debug */ = {
			isa = XCBuildConfiguration;
			buildSettings = {
				ALWAYS_SEARCH_USER_PATHS = NO;
				ASSETCATALOG_COMPILER_GENERATE_SWIFT_ASSET_SYMBOL_EXTENSIONS = YES;
				CLANG_ANALYZER_NONNULL = YES;
				CLANG_ANALYZER_NUMBER_OBJECT_CONVERSION = YES_AGGRESSIVE;
				CLANG_CXX_LANGUAGE_STANDARD = "gnu++20";
				CLANG_ENABLE_MODULES = YES;
				CLANG_ENABLE_OBJC_ARC = YES;
				CLANG_ENABLE_OBJC_WEAK = YES;
				CLANG_WARN_BLOCK_CAPTURE_AUTORELEASING = YES;
				CLANG_WARN_BOOL_CONVERSION = YES;
				CLANG_WARN_COMMA = YES;
				CLANG_WARN_CONSTANT_CONVERSION = YES;
				CLANG_WARN_DEPRECATED_OBJC_IMPLEMENTATIONS = YES;
				CLANG_WARN_DIRECT_OBJC_ISA_USAGE = YES_ERROR;
				CLANG_WARN_DOCUMENTATION_COMMENTS = YES;
				CLANG_WARN_EMPTY_BODY = YES;
				CLANG_WARN_ENUM_CONVERSION = YES;
				CLANG_WARN_INFINITE_RECURSION = YES;
				CLANG_WARN_INT_CONVERSION = YES;
				CLANG_WARN_NON_LITERAL_NULL_CONVERSION = YES;
				CLANG_WARN_OBJC_IMPLICIT_RETAIN_SELF = YES;
				CLANG_WARN_OBJC_LITERAL_CONVERSION = YES;
				CLANG_WARN_OBJC_ROOT_CLASS = YES_ERROR;
				CLANG_WARN_QUOTED_INCLUDE_IN_FRAMEWORK_HEADER = YES;
				CLANG_WARN_RANGE_LOOP_ANALYSIS = YES;
				CLANG_WARN_STRICT_PROTOTYPES = YES;
				CLANG_WARN_SUSPICIOUS_MOVE = YES;
				CLANG_WARN_UNGUARDED_AVAILABILITY = YES_AGGRESSIVE;
				CLANG_WARN_UNREACHABLE_CODE = YES;
				CLANG_WARN__DUPLICATE_METHOD_MATCH = YES;
				COPY_PHASE_STRIP = NO;
				DEAD_CODE_STRIPPING = YES;
				DEBUG_INFORMATION_FORMAT = dwarf;
				ENABLE_STRICT_OBJC_MSGSEND = YES;
				ENABLE_TESTABILITY = YES;
				ENABLE_USER_SCRIPT_SANDBOXING = YES;
				GCC_C_LANGUAGE_STANDARD = gnu17;
				GCC_DYNAMIC_NO_PIC = NO;
				GCC_NO_COMMON_BLOCKS = YES;
				GCC_OPTIMIZATION_LEVEL = 0;
				GCC_PREPROCESSOR_DEFINITIONS = (
					"DEBUG=1",
					"$(inherited)",
				);
				GCC_WARN_64_TO_32_BIT_CONVERSION = YES;
				GCC_WARN_ABOUT_RETURN_TYPE = YES_ERROR;
				GCC_WARN_UNDECLARED_SELECTOR = YES;
				GCC_WARN_UNINITIALIZED_AUTOS = YES_AGGRESSIVE;
				GCC_WARN_UNUSED_FUNCTION = YES;
				GCC_WARN_UNUSED_VARIABLE = YES;
				IPHONEOS_DEPLOYMENT_TARGET = 17.0;
				LOCALIZATION_PREFERS_STRING_CATALOGS = YES;
				MTL_ENABLE_DEBUG_INFO = INCLUDE_SOURCE;
				MTL_FAST_MATH = YES;
				ONLY_ACTIVE_ARCH = YES;
				SWIFT_ACTIVE_COMPILATION_CONDITIONS = "DEBUG $(inherited)";
				SWIFT_EMIT_LOC_STRINGS = YES;
				SWIFT_OPTIMIZATION_LEVEL = "-Onone";
				WATCHOS_DEPLOYMENT_TARGET = 10.0;
			};
			name = Debug;
		};
		FE01094A2C91265E00F074C8 /* Release */ = {
			isa = XCBuildConfiguration;
			buildSettings = {
				ALWAYS_SEARCH_USER_PATHS = NO;
				ASSETCATALOG_COMPILER_GENERATE_SWIFT_ASSET_SYMBOL_EXTENSIONS = YES;
				CLANG_ANALYZER_NONNULL = YES;
				CLANG_ANALYZER_NUMBER_OBJECT_CONVERSION = YES_AGGRESSIVE;
				CLANG_CXX_LANGUAGE_STANDARD = "gnu++20";
				CLANG_ENABLE_MODULES = YES;
				CLANG_ENABLE_OBJC_ARC = YES;
				CLANG_ENABLE_OBJC_WEAK = YES;
				CLANG_WARN_BLOCK_CAPTURE_AUTORELEASING = YES;
				CLANG_WARN_BOOL_CONVERSION = YES;
				CLANG_WARN_COMMA = YES;
				CLANG_WARN_CONSTANT_CONVERSION = YES;
				CLANG_WARN_DEPRECATED_OBJC_IMPLEMENTATIONS = YES;
				CLANG_WARN_DIRECT_OBJC_ISA_USAGE = YES_ERROR;
				CLANG_WARN_DOCUMENTATION_COMMENTS = YES;
				CLANG_WARN_EMPTY_BODY = YES;
				CLANG_WARN_ENUM_CONVERSION = YES;
				CLANG_WARN_INFINITE_RECURSION = YES;
				CLANG_WARN_INT_CONVERSION = YES;
				CLANG_WARN_NON_LITERAL_NULL_CONVERSION = YES;
				CLANG_WARN_OBJC_IMPLICIT_RETAIN_SELF = YES;
				CLANG_WARN_OBJC_LITERAL_CONVERSION = YES;
				CLANG_WARN_OBJC_ROOT_CLASS = YES_ERROR;
				CLANG_WARN_QUOTED_INCLUDE_IN_FRAMEWORK_HEADER = YES;
				CLANG_WARN_RANGE_LOOP_ANALYSIS = YES;
				CLANG_WARN_STRICT_PROTOTYPES = YES;
				CLANG_WARN_SUSPICIOUS_MOVE = YES;
				CLANG_WARN_UNGUARDED_AVAILABILITY = YES_AGGRESSIVE;
				CLANG_WARN_UNREACHABLE_CODE = YES;
				CLANG_WARN__DUPLICATE_METHOD_MATCH = YES;
				COPY_PHASE_STRIP = NO;
				DEAD_CODE_STRIPPING = YES;
				DEBUG_INFORMATION_FORMAT = "dwarf-with-dsym";
				ENABLE_NS_ASSERTIONS = NO;
				ENABLE_STRICT_OBJC_MSGSEND = YES;
				ENABLE_USER_SCRIPT_SANDBOXING = YES;
				GCC_C_LANGUAGE_STANDARD = gnu17;
				GCC_NO_COMMON_BLOCKS = YES;
				GCC_WARN_64_TO_32_BIT_CONVERSION = YES;
				GCC_WARN_ABOUT_RETURN_TYPE = YES_ERROR;
				GCC_WARN_UNDECLARED_SELECTOR = YES;
				GCC_WARN_UNINITIALIZED_AUTOS = YES_AGGRESSIVE;
				GCC_WARN_UNUSED_FUNCTION = YES;
				GCC_WARN_UNUSED_VARIABLE = YES;
				IPHONEOS_DEPLOYMENT_TARGET = 17.0;
				LOCALIZATION_PREFERS_STRING_CATALOGS = YES;
				MTL_ENABLE_DEBUG_INFO = NO;
				MTL_FAST_MATH = YES;
				SWIFT_COMPILATION_MODE = wholemodule;
				SWIFT_EMIT_LOC_STRINGS = YES;
				WATCHOS_DEPLOYMENT_TARGET = 10.0;
			};
			name = Release;
		};
		FE01094C2C91265E00F074C8 /* Debug */ = {
			isa = XCBuildConfiguration;
			buildSettings = {
				ASSETCATALOG_COMPILER_APPICON_NAME = AppIcon;
				ASSETCATALOG_COMPILER_GLOBAL_ACCENT_COLOR_NAME = AccentColor;
				CODE_SIGN_STYLE = Automatic;
				CURRENT_PROJECT_VERSION = 1;
				DEVELOPMENT_ASSET_PATHS = "\"GolfSwingTrainer Watch App/Preview Content\"";
				DEVELOPMENT_TEAM = HB3XP4BKLJ;
				ENABLE_PREVIEWS = YES;
				GENERATE_INFOPLIST_FILE = YES;
				INFOPLIST_KEY_CFBundleDisplayName = GolfSwingTrainer;
				INFOPLIST_KEY_UISupportedInterfaceOrientations = "UIInterfaceOrientationPortrait UIInterfaceOrientationPortraitUpsideDown";
				INFOPLIST_KEY_WKCompanionAppBundleIdentifier = ca.sheridancollege.GolfSwingTrainer.GolfSwingTrainer;
				LD_RUNPATH_SEARCH_PATHS = (
					"$(inherited)",
					"@executable_path/Frameworks",
				);
				MARKETING_VERSION = 1.0;
				PRODUCT_BUNDLE_IDENTIFIER = ca.sheridancollege.GolfSwingTrainer.GolfSwingTrainer.watchkitapp;
				PRODUCT_NAME = "$(TARGET_NAME)";
				SDKROOT = watchos;
				SKIP_INSTALL = YES;
				SWIFT_EMIT_LOC_STRINGS = YES;
				SWIFT_VERSION = 5.0;
				TARGETED_DEVICE_FAMILY = 4;
				WATCHOS_DEPLOYMENT_TARGET = 10.0;
			};
			name = Debug;
		};
		FE01094D2C91265E00F074C8 /* Release */ = {
			isa = XCBuildConfiguration;
			buildSettings = {
				ASSETCATALOG_COMPILER_APPICON_NAME = AppIcon;
				ASSETCATALOG_COMPILER_GLOBAL_ACCENT_COLOR_NAME = AccentColor;
				CODE_SIGN_STYLE = Automatic;
				CURRENT_PROJECT_VERSION = 1;
				DEVELOPMENT_ASSET_PATHS = "\"GolfSwingTrainer Watch App/Preview Content\"";
				DEVELOPMENT_TEAM = HB3XP4BKLJ;
				ENABLE_PREVIEWS = YES;
				GENERATE_INFOPLIST_FILE = YES;
				INFOPLIST_KEY_CFBundleDisplayName = GolfSwingTrainer;
				INFOPLIST_KEY_UISupportedInterfaceOrientations = "UIInterfaceOrientationPortrait UIInterfaceOrientationPortraitUpsideDown";
				INFOPLIST_KEY_WKCompanionAppBundleIdentifier = ca.sheridancollege.GolfSwingTrainer.GolfSwingTrainer;
				LD_RUNPATH_SEARCH_PATHS = (
					"$(inherited)",
					"@executable_path/Frameworks",
				);
				MARKETING_VERSION = 1.0;
				PRODUCT_BUNDLE_IDENTIFIER = ca.sheridancollege.GolfSwingTrainer.GolfSwingTrainer.watchkitapp;
				PRODUCT_NAME = "$(TARGET_NAME)";
				SDKROOT = watchos;
				SKIP_INSTALL = YES;
				SWIFT_EMIT_LOC_STRINGS = YES;
				SWIFT_VERSION = 5.0;
				TARGETED_DEVICE_FAMILY = 4;
				VALIDATE_PRODUCT = YES;
				WATCHOS_DEPLOYMENT_TARGET = 10.0;
			};
			name = Release;
		};
		FE0109502C91265E00F074C8 /* Debug */ = {
			isa = XCBuildConfiguration;
			buildSettings = {
				ASSETCATALOG_COMPILER_APPICON_NAME = AppIcon;
				ASSETCATALOG_COMPILER_GLOBAL_ACCENT_COLOR_NAME = AccentColor;
				CODE_SIGN_STYLE = Automatic;
				CURRENT_PROJECT_VERSION = 1;
				DEVELOPMENT_ASSET_PATHS = "\"GolfSwingTrainer/Preview Content\"";
				DEVELOPMENT_TEAM = HB3XP4BKLJ;
				ENABLE_PREVIEWS = YES;
				GENERATE_INFOPLIST_FILE = YES;
				INFOPLIST_KEY_CFBundleDisplayName = GolfSwingTrainer;
				INFOPLIST_KEY_NSCameraUsageDescription = "This app uses the camera to record swing sessions.";
				INFOPLIST_KEY_UIApplicationSceneManifest_Generation = YES;
				INFOPLIST_KEY_UIApplicationSupportsIndirectInputEvents = YES;
				INFOPLIST_KEY_UILaunchScreen_Generation = YES;
				INFOPLIST_KEY_UISupportedInterfaceOrientations_iPad = "UIInterfaceOrientationPortrait UIInterfaceOrientationPortraitUpsideDown UIInterfaceOrientationLandscapeLeft UIInterfaceOrientationLandscapeRight";
				INFOPLIST_KEY_UISupportedInterfaceOrientations_iPhone = "UIInterfaceOrientationPortrait UIInterfaceOrientationLandscapeLeft UIInterfaceOrientationLandscapeRight";
				IPHONEOS_DEPLOYMENT_TARGET = 17.0;
				LD_RUNPATH_SEARCH_PATHS = (
					"$(inherited)",
					"@executable_path/Frameworks",
				);
				MARKETING_VERSION = 1.0;
				PRODUCT_BUNDLE_IDENTIFIER = ca.sheridancollege.GolfSwingTrainer.GolfSwingTrainer;
				PRODUCT_NAME = "$(TARGET_NAME)";
				SDKROOT = iphoneos;
				SWIFT_EMIT_LOC_STRINGS = YES;
				SWIFT_VERSION = 5.0;
				TARGETED_DEVICE_FAMILY = "1,2";
			};
			name = Debug;
		};
		FE0109512C91265E00F074C8 /* Release */ = {
			isa = XCBuildConfiguration;
			buildSettings = {
				ASSETCATALOG_COMPILER_APPICON_NAME = AppIcon;
				ASSETCATALOG_COMPILER_GLOBAL_ACCENT_COLOR_NAME = AccentColor;
				CODE_SIGN_STYLE = Automatic;
				CURRENT_PROJECT_VERSION = 1;
				DEVELOPMENT_ASSET_PATHS = "\"GolfSwingTrainer/Preview Content\"";
				DEVELOPMENT_TEAM = HB3XP4BKLJ;
				ENABLE_PREVIEWS = YES;
				GENERATE_INFOPLIST_FILE = YES;
				INFOPLIST_KEY_CFBundleDisplayName = GolfSwingTrainer;
				INFOPLIST_KEY_NSCameraUsageDescription = "This app uses the camera to record swing sessions.";
				INFOPLIST_KEY_UIApplicationSceneManifest_Generation = YES;
				INFOPLIST_KEY_UIApplicationSupportsIndirectInputEvents = YES;
				INFOPLIST_KEY_UILaunchScreen_Generation = YES;
				INFOPLIST_KEY_UISupportedInterfaceOrientations_iPad = "UIInterfaceOrientationPortrait UIInterfaceOrientationPortraitUpsideDown UIInterfaceOrientationLandscapeLeft UIInterfaceOrientationLandscapeRight";
				INFOPLIST_KEY_UISupportedInterfaceOrientations_iPhone = "UIInterfaceOrientationPortrait UIInterfaceOrientationLandscapeLeft UIInterfaceOrientationLandscapeRight";
				IPHONEOS_DEPLOYMENT_TARGET = 17.0;
				LD_RUNPATH_SEARCH_PATHS = (
					"$(inherited)",
					"@executable_path/Frameworks",
				);
				MARKETING_VERSION = 1.0;
				PRODUCT_BUNDLE_IDENTIFIER = ca.sheridancollege.GolfSwingTrainer.GolfSwingTrainer;
				PRODUCT_NAME = "$(TARGET_NAME)";
				SDKROOT = iphoneos;
				SWIFT_EMIT_LOC_STRINGS = YES;
				SWIFT_VERSION = 5.0;
				TARGETED_DEVICE_FAMILY = "1,2";
				VALIDATE_PRODUCT = YES;
			};
			name = Release;
		};
		FE0109532C91265E00F074C8 /* Debug */ = {
			isa = XCBuildConfiguration;
			buildSettings = {
				BUNDLE_LOADER = "$(TEST_HOST)";
				CODE_SIGN_STYLE = Automatic;
				CURRENT_PROJECT_VERSION = 1;
				DEVELOPMENT_TEAM = HB3XP4BKLJ;
				GENERATE_INFOPLIST_FILE = YES;
				IPHONEOS_DEPLOYMENT_TARGET = 17.0;
				MARKETING_VERSION = 1.0;
				PRODUCT_BUNDLE_IDENTIFIER = ca.sheridancollege.GolfSwingTrainer.GolfSwingTrainerTests;
				PRODUCT_NAME = "$(TARGET_NAME)";
				SDKROOT = iphoneos;
				SWIFT_EMIT_LOC_STRINGS = NO;
				SWIFT_VERSION = 5.0;
				TARGETED_DEVICE_FAMILY = "1,2";
				TEST_HOST = "$(BUILT_PRODUCTS_DIR)/GolfSwingTrainer.app/$(BUNDLE_EXECUTABLE_FOLDER_PATH)/GolfSwingTrainer";
			};
			name = Debug;
		};
		FE0109542C91265E00F074C8 /* Release */ = {
			isa = XCBuildConfiguration;
			buildSettings = {
				BUNDLE_LOADER = "$(TEST_HOST)";
				CODE_SIGN_STYLE = Automatic;
				CURRENT_PROJECT_VERSION = 1;
				DEVELOPMENT_TEAM = HB3XP4BKLJ;
				GENERATE_INFOPLIST_FILE = YES;
				IPHONEOS_DEPLOYMENT_TARGET = 17.0;
				MARKETING_VERSION = 1.0;
				PRODUCT_BUNDLE_IDENTIFIER = ca.sheridancollege.GolfSwingTrainer.GolfSwingTrainerTests;
				PRODUCT_NAME = "$(TARGET_NAME)";
				SDKROOT = iphoneos;
				SWIFT_EMIT_LOC_STRINGS = NO;
				SWIFT_VERSION = 5.0;
				TARGETED_DEVICE_FAMILY = "1,2";
				TEST_HOST = "$(BUILT_PRODUCTS_DIR)/GolfSwingTrainer.app/$(BUNDLE_EXECUTABLE_FOLDER_PATH)/GolfSwingTrainer";
				VALIDATE_PRODUCT = YES;
			};
			name = Release;
		};
		FE0109562C91265E00F074C8 /* Debug */ = {
			isa = XCBuildConfiguration;
			buildSettings = {
				CODE_SIGN_STYLE = Automatic;
				CURRENT_PROJECT_VERSION = 1;
				DEVELOPMENT_TEAM = HB3XP4BKLJ;
				GENERATE_INFOPLIST_FILE = YES;
				IPHONEOS_DEPLOYMENT_TARGET = 17.0;
				MARKETING_VERSION = 1.0;
				PRODUCT_BUNDLE_IDENTIFIER = ca.sheridancollege.GolfSwingTrainer.GolfSwingTrainerUITests;
				PRODUCT_NAME = "$(TARGET_NAME)";
				SDKROOT = iphoneos;
				SWIFT_EMIT_LOC_STRINGS = NO;
				SWIFT_VERSION = 5.0;
				TARGETED_DEVICE_FAMILY = "1,2";
				TEST_TARGET_NAME = GolfSwingTrainer;
			};
			name = Debug;
		};
		FE0109572C91265E00F074C8 /* Release */ = {
			isa = XCBuildConfiguration;
			buildSettings = {
				CODE_SIGN_STYLE = Automatic;
				CURRENT_PROJECT_VERSION = 1;
				DEVELOPMENT_TEAM = HB3XP4BKLJ;
				GENERATE_INFOPLIST_FILE = YES;
				IPHONEOS_DEPLOYMENT_TARGET = 17.0;
				MARKETING_VERSION = 1.0;
				PRODUCT_BUNDLE_IDENTIFIER = ca.sheridancollege.GolfSwingTrainer.GolfSwingTrainerUITests;
				PRODUCT_NAME = "$(TARGET_NAME)";
				SDKROOT = iphoneos;
				SWIFT_EMIT_LOC_STRINGS = NO;
				SWIFT_VERSION = 5.0;
				TARGETED_DEVICE_FAMILY = "1,2";
				TEST_TARGET_NAME = GolfSwingTrainer;
				VALIDATE_PRODUCT = YES;
			};
			name = Release;
		};
		FE0109592C91265E00F074C8 /* Debug */ = {
			isa = XCBuildConfiguration;
			buildSettings = {
				BUNDLE_LOADER = "$(TEST_HOST)";
				CODE_SIGN_STYLE = Automatic;
				CURRENT_PROJECT_VERSION = 1;
				DEVELOPMENT_TEAM = HB3XP4BKLJ;
				GENERATE_INFOPLIST_FILE = YES;
				MARKETING_VERSION = 1.0;
				PRODUCT_BUNDLE_IDENTIFIER = "ca.sheridancollege.GolfSwingTrainer.GolfSwingTrainer-Watch-AppTests";
				PRODUCT_NAME = "$(TARGET_NAME)";
				SDKROOT = watchos;
				SWIFT_EMIT_LOC_STRINGS = NO;
				SWIFT_VERSION = 5.0;
				TARGETED_DEVICE_FAMILY = 4;
				TEST_HOST = "$(BUILT_PRODUCTS_DIR)/GolfSwingTrainer Watch App.app/$(BUNDLE_EXECUTABLE_FOLDER_PATH)/GolfSwingTrainer Watch App";
				WATCHOS_DEPLOYMENT_TARGET = 10.0;
			};
			name = Debug;
		};
		FE01095A2C91265E00F074C8 /* Release */ = {
			isa = XCBuildConfiguration;
			buildSettings = {
				BUNDLE_LOADER = "$(TEST_HOST)";
				CODE_SIGN_STYLE = Automatic;
				CURRENT_PROJECT_VERSION = 1;
				DEVELOPMENT_TEAM = HB3XP4BKLJ;
				GENERATE_INFOPLIST_FILE = YES;
				MARKETING_VERSION = 1.0;
				PRODUCT_BUNDLE_IDENTIFIER = "ca.sheridancollege.GolfSwingTrainer.GolfSwingTrainer-Watch-AppTests";
				PRODUCT_NAME = "$(TARGET_NAME)";
				SDKROOT = watchos;
				SWIFT_EMIT_LOC_STRINGS = NO;
				SWIFT_VERSION = 5.0;
				TARGETED_DEVICE_FAMILY = 4;
				TEST_HOST = "$(BUILT_PRODUCTS_DIR)/GolfSwingTrainer Watch App.app/$(BUNDLE_EXECUTABLE_FOLDER_PATH)/GolfSwingTrainer Watch App";
				VALIDATE_PRODUCT = YES;
				WATCHOS_DEPLOYMENT_TARGET = 10.0;
			};
			name = Release;
		};
		FE01095C2C91265E00F074C8 /* Debug */ = {
			isa = XCBuildConfiguration;
			buildSettings = {
				CODE_SIGN_STYLE = Automatic;
				CURRENT_PROJECT_VERSION = 1;
				DEVELOPMENT_TEAM = HB3XP4BKLJ;
				GENERATE_INFOPLIST_FILE = YES;
				MARKETING_VERSION = 1.0;
				PRODUCT_BUNDLE_IDENTIFIER = "ca.sheridancollege.GolfSwingTrainer.GolfSwingTrainer-Watch-AppUITests";
				PRODUCT_NAME = "$(TARGET_NAME)";
				SDKROOT = watchos;
				SWIFT_EMIT_LOC_STRINGS = NO;
				SWIFT_VERSION = 5.0;
				TARGETED_DEVICE_FAMILY = 4;
				TEST_TARGET_NAME = "GolfSwingTrainer Watch App";
				WATCHOS_DEPLOYMENT_TARGET = 10.0;
			};
			name = Debug;
		};
		FE01095D2C91265E00F074C8 /* Release */ = {
			isa = XCBuildConfiguration;
			buildSettings = {
				CODE_SIGN_STYLE = Automatic;
				CURRENT_PROJECT_VERSION = 1;
				DEVELOPMENT_TEAM = HB3XP4BKLJ;
				GENERATE_INFOPLIST_FILE = YES;
				MARKETING_VERSION = 1.0;
				PRODUCT_BUNDLE_IDENTIFIER = "ca.sheridancollege.GolfSwingTrainer.GolfSwingTrainer-Watch-AppUITests";
				PRODUCT_NAME = "$(TARGET_NAME)";
				SDKROOT = watchos;
				SWIFT_EMIT_LOC_STRINGS = NO;
				SWIFT_VERSION = 5.0;
				TARGETED_DEVICE_FAMILY = 4;
				TEST_TARGET_NAME = "GolfSwingTrainer Watch App";
				VALIDATE_PRODUCT = YES;
				WATCHOS_DEPLOYMENT_TARGET = 10.0;
			};
			name = Release;
		};
/* End XCBuildConfiguration section */

/* Begin XCConfigurationList section */
		FE0108FA2C91265C00F074C8 /* Build configuration list for PBXProject "GolfSwingTrainer" */ = {
			isa = XCConfigurationList;
			buildConfigurations = (
				FE0109492C91265E00F074C8 /* Debug */,
				FE01094A2C91265E00F074C8 /* Release */,
			);
			defaultConfigurationIsVisible = 0;
			defaultConfigurationName = Release;
		};
		FE01094B2C91265E00F074C8 /* Build configuration list for PBXNativeTarget "GolfSwingTrainer Watch App" */ = {
			isa = XCConfigurationList;
			buildConfigurations = (
				FE01094C2C91265E00F074C8 /* Debug */,
				FE01094D2C91265E00F074C8 /* Release */,
			);
			defaultConfigurationIsVisible = 0;
			defaultConfigurationName = Release;
		};
		FE01094F2C91265E00F074C8 /* Build configuration list for PBXNativeTarget "GolfSwingTrainer" */ = {
			isa = XCConfigurationList;
			buildConfigurations = (
				FE0109502C91265E00F074C8 /* Debug */,
				FE0109512C91265E00F074C8 /* Release */,
			);
			defaultConfigurationIsVisible = 0;
			defaultConfigurationName = Release;
		};
		FE0109522C91265E00F074C8 /* Build configuration list for PBXNativeTarget "GolfSwingTrainerTests" */ = {
			isa = XCConfigurationList;
			buildConfigurations = (
				FE0109532C91265E00F074C8 /* Debug */,
				FE0109542C91265E00F074C8 /* Release */,
			);
			defaultConfigurationIsVisible = 0;
			defaultConfigurationName = Release;
		};
		FE0109552C91265E00F074C8 /* Build configuration list for PBXNativeTarget "GolfSwingTrainerUITests" */ = {
			isa = XCConfigurationList;
			buildConfigurations = (
				FE0109562C91265E00F074C8 /* Debug */,
				FE0109572C91265E00F074C8 /* Release */,
			);
			defaultConfigurationIsVisible = 0;
			defaultConfigurationName = Release;
		};
		FE0109582C91265E00F074C8 /* Build configuration list for PBXNativeTarget "GolfSwingTrainer Watch AppTests" */ = {
			isa = XCConfigurationList;
			buildConfigurations = (
				FE0109592C91265E00F074C8 /* Debug */,
				FE01095A2C91265E00F074C8 /* Release */,
			);
			defaultConfigurationIsVisible = 0;
			defaultConfigurationName = Release;
		};
		FE01095B2C91265E00F074C8 /* Build configuration list for PBXNativeTarget "GolfSwingTrainer Watch AppUITests" */ = {
			isa = XCConfigurationList;
			buildConfigurations = (
				FE01095C2C91265E00F074C8 /* Debug */,
				FE01095D2C91265E00F074C8 /* Release */,
			);
			defaultConfigurationIsVisible = 0;
			defaultConfigurationName = Release;
		};
/* End XCConfigurationList section */

/* Begin XCRemoteSwiftPackageReference section */
		6329FA892CDBBB7C00B9C0E8 /* XCRemoteSwiftPackageReference "firebase-ios-sdk" */ = {
			isa = XCRemoteSwiftPackageReference;
			repositoryURL = "https://github.com/firebase/firebase-ios-sdk";
			requirement = {
				kind = upToNextMajorVersion;
				minimumVersion = 11.4.0;
			};
		};
/* End XCRemoteSwiftPackageReference section */

/* Begin XCSwiftPackageProductDependency section */
		6329FA8A2CDBBB7C00B9C0E8 /* FirebaseAnalytics */ = {
			isa = XCSwiftPackageProductDependency;
			package = 6329FA892CDBBB7C00B9C0E8 /* XCRemoteSwiftPackageReference "firebase-ios-sdk" */;
			productName = FirebaseAnalytics;
		};
		6329FA8C2CDBBB7C00B9C0E8 /* FirebaseAuth */ = {
			isa = XCSwiftPackageProductDependency;
			package = 6329FA892CDBBB7C00B9C0E8 /* XCRemoteSwiftPackageReference "firebase-ios-sdk" */;
			productName = FirebaseAuth;
		};
		6329FA8E2CDBBB7C00B9C0E8 /* FirebaseDatabase */ = {
			isa = XCSwiftPackageProductDependency;
			package = 6329FA892CDBBB7C00B9C0E8 /* XCRemoteSwiftPackageReference "firebase-ios-sdk" */;
			productName = FirebaseDatabase;
		};
		6329FA902CDBBB7C00B9C0E8 /* FirebaseFirestore */ = {
			isa = XCSwiftPackageProductDependency;
			package = 6329FA892CDBBB7C00B9C0E8 /* XCRemoteSwiftPackageReference "firebase-ios-sdk" */;
			productName = FirebaseFirestore;
		};
		6329FA922CDBBB7C00B9C0E8 /* FirebaseFirestoreCombine-Community */ = {
			isa = XCSwiftPackageProductDependency;
			package = 6329FA892CDBBB7C00B9C0E8 /* XCRemoteSwiftPackageReference "firebase-ios-sdk" */;
			productName = "FirebaseFirestoreCombine-Community";
		};
		6329FA942CDBBB7C00B9C0E8 /* FirebaseStorage */ = {
			isa = XCSwiftPackageProductDependency;
			package = 6329FA892CDBBB7C00B9C0E8 /* XCRemoteSwiftPackageReference "firebase-ios-sdk" */;
			productName = FirebaseStorage;
		};
		6329FA962CDBBB7C00B9C0E8 /* FirebaseStorageCombine-Community */ = {
			isa = XCSwiftPackageProductDependency;
			package = 6329FA892CDBBB7C00B9C0E8 /* XCRemoteSwiftPackageReference "firebase-ios-sdk" */;
			productName = "FirebaseStorageCombine-Community";
		};
		BCF714402CDAAD7E00BDB798 /* FirebaseAuth */ = {
			isa = XCSwiftPackageProductDependency;
			productName = FirebaseAuth;
		};
		BCF714422CDAAD7E00BDB798 /* FirebaseDatabase */ = {
			isa = XCSwiftPackageProductDependency;
			productName = FirebaseDatabase;
		};
		BCF714442CDAAD7E00BDB798 /* FirebaseFirestore */ = {
			isa = XCSwiftPackageProductDependency;
			productName = FirebaseFirestore;
		};
		BCF714462CDAAD7E00BDB798 /* FirebaseFirestoreCombine-Community */ = {
			isa = XCSwiftPackageProductDependency;
			productName = "FirebaseFirestoreCombine-Community";
		};
		BCF714482CDAAD7E00BDB798 /* FirebaseStorage */ = {
			isa = XCSwiftPackageProductDependency;
			productName = FirebaseStorage;
		};
		BCF7144A2CDAAD7E00BDB798 /* FirebaseStorageCombine-Community */ = {
			isa = XCSwiftPackageProductDependency;
			productName = "FirebaseStorageCombine-Community";
		};
/* End XCSwiftPackageProductDependency section */

/* Begin XCVersionGroup section */
		6366384D2CE3FE2E00CD48F7 /* Model.xcdatamodeld */ = {
			isa = XCVersionGroup;
			children = (
				6366384E2CE3FE2E00CD48F7 /* Model.xcdatamodel */,
			);
			currentVersion = 6366384E2CE3FE2E00CD48F7 /* Model.xcdatamodel */;
			path = Model.xcdatamodeld;
			sourceTree = "<group>";
			versionGroupType = wrapper.xcdatamodel;
		};
/* End XCVersionGroup section */
	};
	rootObject = FE0108F72C91265C00F074C8 /* Project object */;
}
